
Microsoft Visual Studio Solution File, Format Version 12.00
# Visual Studio Version 17
VisualStudioVersion = 17.9.34310.174
MinimumVisualStudioVersion = 10.0.40219.1
Project("{2150E333-8FDC-42A3-9474-1A3956D46DE8}") = "Microservices", "Microservices", "{8EC28F53-B8C6-4D95-A906-2A15EB1F7B22}"
EndProject
Project("{2150E333-8FDC-42A3-9474-1A3956D46DE8}") = "ProductMicroservice", "ProductMicroservice", "{0FB3E7ED-1DB2-4011-A957-F939C8E43789}"
EndProject
Project("{9A19103F-16F7-4668-BE54-9A1E7A4F7556}") = "ECommerceProduct", "..\..\Kawad\Product\Product\ECommerceProduct.csproj", "{FDC6E241-C7FA-465C-86BB-5F805B0DE387}"
EndProject
Project("{9A19103F-16F7-4668-BE54-9A1E7A4F7556}") = "Product.Application", "..\..\Kawad\Product\Product.Application\Product.Application.csproj", "{246E2844-5660-401C-BAF6-848882429CA4}"
EndProject
Project("{9A19103F-16F7-4668-BE54-9A1E7A4F7556}") = "Product.Domain", "..\..\Kawad\Product\Product.Domain\Product.Domain.csproj", "{A4DA73C4-A22E-4934-8E86-012B1CC62DC4}"
EndProject
Project("{9A19103F-16F7-4668-BE54-9A1E7A4F7556}") = "Product.Infrastructure", "..\..\Kawad\Product\Product.Infrastructure\Product.Infrastructure.csproj", "{1E55DF4C-0039-4EE7-9F24-07544801C340}"
EndProject
Project("{2150E333-8FDC-42A3-9474-1A3956D46DE8}") = "OrderMicroservice", "OrderMicroservice", "{0CA7885B-396A-42EF-A90B-0F15DD92AC7D}"
EndProject
Project("{9A19103F-16F7-4668-BE54-9A1E7A4F7556}") = "ECommerceOrder", "ECommerceOrder\Order\ECommerceOrder.csproj", "{FE812D7A-7908-461B-87E2-3A337635D31F}"
EndProject
Project("{9A19103F-16F7-4668-BE54-9A1E7A4F7556}") = "Order.API", "ECommerceOrder\Order.API\Order.API.csproj", "{8A6B0D58-6ECF-4441-B6D4-240D35A0AAC8}"
EndProject
Project("{9A19103F-16F7-4668-BE54-9A1E7A4F7556}") = "Order.Application", "ECommerceOrder\Order.Application\Order.Application.csproj", "{8BCD875F-1FBF-435B-906B-4A6DE5889DA2}"
EndProject
Project("{9A19103F-16F7-4668-BE54-9A1E7A4F7556}") = "Order.Domain", "ECommerceOrder\Order.Domain\Order.Domain.csproj", "{2C2EA1F7-6E6C-42ED-BB52-C9946F9D2CF4}"
EndProject
Project("{9A19103F-16F7-4668-BE54-9A1E7A4F7556}") = "Order.Infrastructure", "ECommerceOrder\Order.Infrastructure\Order.Infrastructure.csproj", "{470EC9C6-FCFC-4E0E-B403-ADCED3393FD1}"
EndProject
Project("{9A19103F-16F7-4668-BE54-9A1E7A4F7556}") = "Product.API", "ECommerceProduct\Product.API\Product.API.csproj", "{93BAB008-8B38-46F7-AAEE-236861C50ABC}"
EndProject
Project("{2150E333-8FDC-42A3-9474-1A3956D46DE8}") = "ApiGateway", "ApiGateway", "{C14B500B-483B-411C-9D9B-C51948D26EE9}"
EndProject
Project("{9A19103F-16F7-4668-BE54-9A1E7A4F7556}") = "ApiGateway", "ApiGateway\ApiGateway.csproj", "{1C87F278-2CB7-4A30-B164-C557D4A39025}"
EndProject
Project("{9A19103F-16F7-4668-BE54-9A1E7A4F7556}") = "JwtAuthenticationManager", "JwtAuthenticationManager\JwtAuthenticationManager.csproj", "{8E5A24FD-AC19-486F-B8B8-7565583CCDA7}"
EndProject
Project("{9A19103F-16F7-4668-BE54-9A1E7A4F7556}") = "AuthenticationWebApi", "AuthenticationWebApi\AuthenticationWebApi.csproj", "{510B5011-8972-4DF2-BD7C-056B3D00862C}"
EndProject
Project("{FAE04EC0-301F-11D3-BF4B-00C04F79EFBC}") = "GlobalErrorHandling", "GlobalErrorHandling\GlobalErrorHandling.csproj", "{A8C39B9D-4D36-4850-83D4-65E53B9A9750}"
EndProject
Global
	GlobalSection(SolutionConfigurationPlatforms) = preSolution
		Debug|Any CPU = Debug|Any CPU
		Release|Any CPU = Release|Any CPU
	EndGlobalSection
	GlobalSection(ProjectConfigurationPlatforms) = postSolution
		{FDC6E241-C7FA-465C-86BB-5F805B0DE387}.Debug|Any CPU.ActiveCfg = Debug|Any CPU
		{FDC6E241-C7FA-465C-86BB-5F805B0DE387}.Debug|Any CPU.Build.0 = Debug|Any CPU
		{FDC6E241-C7FA-465C-86BB-5F805B0DE387}.Release|Any CPU.ActiveCfg = Release|Any CPU
		{FDC6E241-C7FA-465C-86BB-5F805B0DE387}.Release|Any CPU.Build.0 = Release|Any CPU
		{246E2844-5660-401C-BAF6-848882429CA4}.Debug|Any CPU.ActiveCfg = Debug|Any CPU
		{246E2844-5660-401C-BAF6-848882429CA4}.Debug|Any CPU.Build.0 = Debug|Any CPU
		{246E2844-5660-401C-BAF6-848882429CA4}.Release|Any CPU.ActiveCfg = Release|Any CPU
		{246E2844-5660-401C-BAF6-848882429CA4}.Release|Any CPU.Build.0 = Release|Any CPU
		{A4DA73C4-A22E-4934-8E86-012B1CC62DC4}.Debug|Any CPU.ActiveCfg = Debug|Any CPU
		{A4DA73C4-A22E-4934-8E86-012B1CC62DC4}.Debug|Any CPU.Build.0 = Debug|Any CPU
		{A4DA73C4-A22E-4934-8E86-012B1CC62DC4}.Release|Any CPU.ActiveCfg = Release|Any CPU
		{A4DA73C4-A22E-4934-8E86-012B1CC62DC4}.Release|Any CPU.Build.0 = Release|Any CPU
		{1E55DF4C-0039-4EE7-9F24-07544801C340}.Debug|Any CPU.ActiveCfg = Debug|Any CPU
		{1E55DF4C-0039-4EE7-9F24-07544801C340}.Debug|Any CPU.Build.0 = Debug|Any CPU
		{1E55DF4C-0039-4EE7-9F24-07544801C340}.Release|Any CPU.ActiveCfg = Release|Any CPU
		{1E55DF4C-0039-4EE7-9F24-07544801C340}.Release|Any CPU.Build.0 = Release|Any CPU
		{FE812D7A-7908-461B-87E2-3A337635D31F}.Debug|Any CPU.ActiveCfg = Debug|Any CPU
		{FE812D7A-7908-461B-87E2-3A337635D31F}.Debug|Any CPU.Build.0 = Debug|Any CPU
		{FE812D7A-7908-461B-87E2-3A337635D31F}.Release|Any CPU.ActiveCfg = Release|Any CPU
		{FE812D7A-7908-461B-87E2-3A337635D31F}.Release|Any CPU.Build.0 = Release|Any CPU
		{8A6B0D58-6ECF-4441-B6D4-240D35A0AAC8}.Debug|Any CPU.ActiveCfg = Debug|Any CPU
		{8A6B0D58-6ECF-4441-B6D4-240D35A0AAC8}.Debug|Any CPU.Build.0 = Debug|Any CPU
		{8A6B0D58-6ECF-4441-B6D4-240D35A0AAC8}.Release|Any CPU.ActiveCfg = Release|Any CPU
		{8A6B0D58-6ECF-4441-B6D4-240D35A0AAC8}.Release|Any CPU.Build.0 = Release|Any CPU
		{8BCD875F-1FBF-435B-906B-4A6DE5889DA2}.Debug|Any CPU.ActiveCfg = Debug|Any CPU
		{8BCD875F-1FBF-435B-906B-4A6DE5889DA2}.Debug|Any CPU.Build.0 = Debug|Any CPU
		{8BCD875F-1FBF-435B-906B-4A6DE5889DA2}.Release|Any CPU.ActiveCfg = Release|Any CPU
		{8BCD875F-1FBF-435B-906B-4A6DE5889DA2}.Release|Any CPU.Build.0 = Release|Any CPU
		{2C2EA1F7-6E6C-42ED-BB52-C9946F9D2CF4}.Debug|Any CPU.ActiveCfg = Debug|Any CPU
		{2C2EA1F7-6E6C-42ED-BB52-C9946F9D2CF4}.Debug|Any CPU.Build.0 = Debug|Any CPU
		{2C2EA1F7-6E6C-42ED-BB52-C9946F9D2CF4}.Release|Any CPU.ActiveCfg = Release|Any CPU
		{2C2EA1F7-6E6C-42ED-BB52-C9946F9D2CF4}.Release|Any CPU.Build.0 = Release|Any CPU
		{470EC9C6-FCFC-4E0E-B403-ADCED3393FD1}.Debug|Any CPU.ActiveCfg = Debug|Any CPU
		{470EC9C6-FCFC-4E0E-B403-ADCED3393FD1}.Debug|Any CPU.Build.0 = Debug|Any CPU
		{470EC9C6-FCFC-4E0E-B403-ADCED3393FD1}.Release|Any CPU.ActiveCfg = Release|Any CPU
		{470EC9C6-FCFC-4E0E-B403-ADCED3393FD1}.Release|Any CPU.Build.0 = Release|Any CPU
		{93BAB008-8B38-46F7-AAEE-236861C50ABC}.Debug|Any CPU.ActiveCfg = Debug|Any CPU
		{93BAB008-8B38-46F7-AAEE-236861C50ABC}.Debug|Any CPU.Build.0 = Debug|Any CPU
		{93BAB008-8B38-46F7-AAEE-236861C50ABC}.Release|Any CPU.ActiveCfg = Release|Any CPU
		{93BAB008-8B38-46F7-AAEE-236861C50ABC}.Release|Any CPU.Build.0 = Release|Any CPU
		{1C87F278-2CB7-4A30-B164-C557D4A39025}.Debug|Any CPU.ActiveCfg = Debug|Any CPU
		{1C87F278-2CB7-4A30-B164-C557D4A39025}.Debug|Any CPU.Build.0 = Debug|Any CPU
		{1C87F278-2CB7-4A30-B164-C557D4A39025}.Release|Any CPU.ActiveCfg = Release|Any CPU
		{1C87F278-2CB7-4A30-B164-C557D4A39025}.Release|Any CPU.Build.0 = Release|Any CPU
		{8E5A24FD-AC19-486F-B8B8-7565583CCDA7}.Debug|Any CPU.ActiveCfg = Debug|Any CPU
		{8E5A24FD-AC19-486F-B8B8-7565583CCDA7}.Debug|Any CPU.Build.0 = Debug|Any CPU
		{8E5A24FD-AC19-486F-B8B8-7565583CCDA7}.Release|Any CPU.ActiveCfg = Release|Any CPU
		{8E5A24FD-AC19-486F-B8B8-7565583CCDA7}.Release|Any CPU.Build.0 = Release|Any CPU
		{510B5011-8972-4DF2-BD7C-056B3D00862C}.Debug|Any CPU.ActiveCfg = Debug|Any CPU
		{510B5011-8972-4DF2-BD7C-056B3D00862C}.Debug|Any CPU.Build.0 = Debug|Any CPU
		{510B5011-8972-4DF2-BD7C-056B3D00862C}.Release|Any CPU.ActiveCfg = Release|Any CPU
		{510B5011-8972-4DF2-BD7C-056B3D00862C}.Release|Any CPU.Build.0 = Release|Any CPU
		{A8C39B9D-4D36-4850-83D4-65E53B9A9750}.Debug|Any CPU.ActiveCfg = Debug|Any CPU
		{A8C39B9D-4D36-4850-83D4-65E53B9A9750}.Debug|Any CPU.Build.0 = Debug|Any CPU
		{A8C39B9D-4D36-4850-83D4-65E53B9A9750}.Release|Any CPU.ActiveCfg = Release|Any CPU
		{A8C39B9D-4D36-4850-83D4-65E53B9A9750}.Release|Any CPU.Build.0 = Release|Any CPU
	EndGlobalSection
	GlobalSection(SolutionProperties) = preSolution
		HideSolutionNode = FALSE
	EndGlobalSection
	GlobalSection(NestedProjects) = preSolution
		{0FB3E7ED-1DB2-4011-A957-F939C8E43789} = {8EC28F53-B8C6-4D95-A906-2A15EB1F7B22}
		{FDC6E241-C7FA-465C-86BB-5F805B0DE387} = {0FB3E7ED-1DB2-4011-A957-F939C8E43789}
		{246E2844-5660-401C-BAF6-848882429CA4} = {0FB3E7ED-1DB2-4011-A957-F939C8E43789}
		{A4DA73C4-A22E-4934-8E86-012B1CC62DC4} = {0FB3E7ED-1DB2-4011-A957-F939C8E43789}
		{1E55DF4C-0039-4EE7-9F24-07544801C340} = {0FB3E7ED-1DB2-4011-A957-F939C8E43789}
		{0CA7885B-396A-42EF-A90B-0F15DD92AC7D} = {8EC28F53-B8C6-4D95-A906-2A15EB1F7B22}
		{FE812D7A-7908-461B-87E2-3A337635D31F} = {0CA7885B-396A-42EF-A90B-0F15DD92AC7D}
		{8A6B0D58-6ECF-4441-B6D4-240D35A0AAC8} = {0CA7885B-396A-42EF-A90B-0F15DD92AC7D}
		{8BCD875F-1FBF-435B-906B-4A6DE5889DA2} = {0CA7885B-396A-42EF-A90B-0F15DD92AC7D}
		{2C2EA1F7-6E6C-42ED-BB52-C9946F9D2CF4} = {0CA7885B-396A-42EF-A90B-0F15DD92AC7D}
		{470EC9C6-FCFC-4E0E-B403-ADCED3393FD1} = {0CA7885B-396A-42EF-A90B-0F15DD92AC7D}
		{93BAB008-8B38-46F7-AAEE-236861C50ABC} = {0FB3E7ED-1DB2-4011-A957-F939C8E43789}
		{1C87F278-2CB7-4A30-B164-C557D4A39025} = {C14B500B-483B-411C-9D9B-C51948D26EE9}
	EndGlobalSection
	GlobalSection(ExtensibilityGlobals) = postSolution
		SolutionGuid = {786293B4-D947-4262-AFC2-30334BB494A7}
	EndGlobalSection
EndGlobal
